
Microsoft Visual Studio Solution File, Format Version 12.00
Project("{FAE04EC0-301F-11D3-BF4B-00C04F79EFBC}") = "Overflow.AppHost", "Overflow.AppHost\Overflow.AppHost.csproj", "{B13F80E3-8A05-4631-A08C-B04EF073D882}"
EndProject
Project("{FAE04EC0-301F-11D3-BF4B-00C04F79EFBC}") = "Overflow.ServiceDefaults", "Overflow.ServiceDefaults\Overflow.ServiceDefaults.csproj", "{0E282E16-EA72-417D-9EB0-BD05F36FCB90}"
EndProject
Project("{2150E333-8FDC-42A3-9474-1A3956D46DE8}") = "services", "services", "{432F56D9-2860-4903-BF01-7813E92EA1D8}"
EndProject
Project("{FAE04EC0-301F-11D3-BF4B-00C04F79EFBC}") = "QuestionService", "QuestionService\QuestionService.csproj", "{18886BB0-4971-437F-AEB2-BC3169B34ACD}"
EndProject
Project("{FAE04EC0-301F-11D3-BF4B-00C04F79EFBC}") = "SearchService", "SearchService\SearchService.csproj", "{E2047276-204C-4E02-9600-30FFCA1F3029}"
EndProject
Project("{2150E333-8FDC-42A3-9474-1A3956D46DE8}") = "common", "common", "{0B80CAA6-451C-44CF-8393-C26D3055C720}"
EndProject
Project("{FAE04EC0-301F-11D3-BF4B-00C04F79EFBC}") = "Contracts", "Contracts\Contracts.csproj", "{0FF22175-D3EF-4C7F-B1A6-F762B49482D4}"
EndProject
Global
	GlobalSection(SolutionConfigurationPlatforms) = preSolution
		Debug|Any CPU = Debug|Any CPU
		Release|Any CPU = Release|Any CPU
	EndGlobalSection
	GlobalSection(ProjectConfigurationPlatforms) = postSolution
		{B13F80E3-8A05-4631-A08C-B04EF073D882}.Debug|Any CPU.ActiveCfg = Debug|Any CPU
		{B13F80E3-8A05-4631-A08C-B04EF073D882}.Debug|Any CPU.Build.0 = Debug|Any CPU
		{B13F80E3-8A05-4631-A08C-B04EF073D882}.Release|Any CPU.ActiveCfg = Release|Any CPU
		{B13F80E3-8A05-4631-A08C-B04EF073D882}.Release|Any CPU.Build.0 = Release|Any CPU
		{0E282E16-EA72-417D-9EB0-BD05F36FCB90}.Debug|Any CPU.ActiveCfg = Debug|Any CPU
		{0E282E16-EA72-417D-9EB0-BD05F36FCB90}.Debug|Any CPU.Build.0 = Debug|Any CPU
		{0E282E16-EA72-417D-9EB0-BD05F36FCB90}.Release|Any CPU.ActiveCfg = Release|Any CPU
		{0E282E16-EA72-417D-9EB0-BD05F36FCB90}.Release|Any CPU.Build.0 = Release|Any CPU
		{18886BB0-4971-437F-AEB2-BC3169B34ACD}.Debug|Any CPU.ActiveCfg = Debug|Any CPU
		{18886BB0-4971-437F-AEB2-BC3169B34ACD}.Debug|Any CPU.Build.0 = Debug|Any CPU
		{18886BB0-4971-437F-AEB2-BC3169B34ACD}.Release|Any CPU.ActiveCfg = Release|Any CPU
		{18886BB0-4971-437F-AEB2-BC3169B34ACD}.Release|Any CPU.Build.0 = Release|Any CPU
		{E2047276-204C-4E02-9600-30FFCA1F3029}.Debug|Any CPU.ActiveCfg = Debug|Any CPU
		{E2047276-204C-4E02-9600-30FFCA1F3029}.Debug|Any CPU.Build.0 = Debug|Any CPU
		{E2047276-204C-4E02-9600-30FFCA1F3029}.Release|Any CPU.ActiveCfg = Release|Any CPU
		{E2047276-204C-4E02-9600-30FFCA1F3029}.Release|Any CPU.Build.0 = Release|Any CPU
		{0FF22175-D3EF-4C7F-B1A6-F762B49482D4}.Debug|Any CPU.ActiveCfg = Debug|Any CPU
		{0FF22175-D3EF-4C7F-B1A6-F762B49482D4}.Debug|Any CPU.Build.0 = Debug|Any CPU
		{0FF22175-D3EF-4C7F-B1A6-F762B49482D4}.Release|Any CPU.ActiveCfg = Release|Any CPU
		{0FF22175-D3EF-4C7F-B1A6-F762B49482D4}.Release|Any CPU.Build.0 = Release|Any CPU
	EndGlobalSection
	GlobalSection(NestedProjects) = preSolution
		{18886BB0-4971-437F-AEB2-BC3169B34ACD} = {432F56D9-2860-4903-BF01-7813E92EA1D8}
		{E2047276-204C-4E02-9600-30FFCA1F3029} = {432F56D9-2860-4903-BF01-7813E92EA1D8}
		{0B80CAA6-451C-44CF-8393-C26D3055C720} = {432F56D9-2860-4903-BF01-7813E92EA1D8}
		{0FF22175-D3EF-4C7F-B1A6-F762B49482D4} = {0B80CAA6-451C-44CF-8393-C26D3055C720}
	EndGlobalSection
EndGlobal
